
Microsoft Visual Studio Solution File, Format Version 12.00
# Visual Studio Version 16
VisualStudioVersion = 16.0.30320.27
MinimumVisualStudioVersion = 10.0.40219.1
Project("{9A19103F-16F7-4668-BE54-9A1E7A4F7556}") = "LunarDoggo.ConsoleIO", "LunarDoggo.Beginners.ConsoleIO\LunarDoggo.ConsoleIO.csproj", "{897DEAB7-A5F6-4030-89D8-0DE3AA6A71A3}"
EndProject
Project("{2150E333-8FDC-42A3-9474-1A3956D46DE8}") = "Solution Items", "Solution Items", "{0C6CDEED-71CC-4A40-8C27-7E267EFAAC88}"
	ProjectSection(SolutionItems) = preProject
		.gitignore = .gitignore
		LICENSE = LICENSE
		README.md = README.md
	EndProjectSection
EndProject
Project("{9A19103F-16F7-4668-BE54-9A1E7A4F7556}") = "LunarDoggo.ConsoleIOValidation", "LunarDoggo.Beginners.ConsoleIOValidation\LunarDoggo.ConsoleIOValidation.csproj", "{A8D83E8B-A5D8-4B74-AF98-46C1B458CAD2}"
EndProject
Project("{9A19103F-16F7-4668-BE54-9A1E7A4F7556}") = "LunarDoggo.FileSystemTree", "LunarDoggo.FileSystemTree\LunarDoggo.FileSystemTree.csproj", "{883884B1-0791-4C9F-B497-543FD7D7C228}"
EndProject
Project("{9A19103F-16F7-4668-BE54-9A1E7A4F7556}") = "LunarDoggo.QuizGame", "LunarDoggo.QuizGame\LunarDoggo.QuizGame.csproj", "{B95D0A2F-14F5-482A-8640-56B84AB570D3}"
EndProject
Project("{FAE04EC0-301F-11D3-BF4B-00C04F79EFBC}") = "LunarDoggo.TicTacToe", "LunarDoggo.TicTacToe\LunarDoggo.TicTacToe.csproj", "{6E55DCAE-9F1F-4438-843C-36A8C436FEE7}"
EndProject
Project("{2150E333-8FDC-42A3-9474-1A3956D46DE8}") = "LunarDoggo.TicTacToe.Test", "LunarDoggo.TicTacToe.Test", "{38FC551C-111E-48AD-B248-8A380AB31798}"
EndProject
Project("{FAE04EC0-301F-11D3-BF4B-00C04F79EFBC}") = "ButtonTileMapping_e3d45d6710", "LunarDoggo.TicTacToe.Test\ButtonTileMapping_e3d45d6710\ButtonTileMapping_e3d45d6710.csproj", "{62752E1C-3FF7-4FB2-932C-B0EDFF2C9DED}"
EndProject
Project("{FAE04EC0-301F-11D3-BF4B-00C04F79EFBC}") = "OccupyTile_992d29020a", "LunarDoggo.TicTacToe.Test\OccupyTile_992d29020a\OccupyTile_992d29020a.csproj", "{A41DF62D-3617-47AC-8C7D-F4735BDDC725}"
EndProject
Project("{FAE04EC0-301F-11D3-BF4B-00C04F79EFBC}") = "AreAllFieldsOccupied_be4cd9d72c", "LunarDoggo.TicTacToe.Test\AreAllFieldsOccupied_be4cd9d72c\AreAllFieldsOccupied_be4cd9d72c.csproj", "{E4ECCDA0-B40B-48B5-99CD-2F3D0174514F}"
EndProject
Project("{FAE04EC0-301F-11D3-BF4B-00C04F79EFBC}") = "HasWon_c6b52a8205", "LunarDoggo.TicTacToe.Test\HasWon_c6b52a8205\HasWon_c6b52a8205.csproj", "{946C03F8-EC0B-447D-9B57-5F6A25E029BA}"
EndProject
Project("{FAE04EC0-301F-11D3-BF4B-00C04F79EFBC}") = "Reset_d971311384", "LunarDoggo.TicTacToe.Test\Reset_d971311384\Reset_d971311384.csproj", "{F9E4BF41-6C68-4B8B-89D1-01C4C7F5B776}"
EndProject
Project("{FAE04EC0-301F-11D3-BF4B-00C04F79EFBC}") = "GameState_53781afd1b", "LunarDoggo.TicTacToe.Test\GameState_53781afd1b\GameState_53781afd1b.csproj", "{2576DBC9-BA9C-4CBE-8539-C0D5FA487A6F}"
EndProject
Project("{FAE04EC0-301F-11D3-BF4B-00C04F79EFBC}") = "StartGame_941d5801f0", "LunarDoggo.TicTacToe.Test\StartGame_941d5801f0\StartGame_941d5801f0.csproj", "{084FE697-5401-4D93-A7D3-DE9B72D9E905}"
EndProject
Project("{FAE04EC0-301F-11D3-BF4B-00C04F79EFBC}") = "OccupyTile_73b7c8d7ca", "LunarDoggo.TicTacToe.Test\OccupyTile_73b7c8d7ca\OccupyTile_73b7c8d7ca.csproj", "{975752D4-6F9B-44BA-A5EB-0B3F61C39362}"
EndProject
Project("{FAE04EC0-301F-11D3-BF4B-00C04F79EFBC}") = "Player_dc090f1b73", "LunarDoggo.TicTacToe.Test\Player_dc090f1b73\Player_dc090f1b73.csproj", "{E02A4195-536C-4948-8E43-EF33931EB9C1}"
EndProject
Project("{FAE04EC0-301F-11D3-BF4B-00C04F79EFBC}") = "PlayerEventArgs_baeff9d6c5", "LunarDoggo.TicTacToe.Test\PlayerEventArgs_baeff9d6c5\PlayerEventArgs_baeff9d6c5.csproj", "{E4E08E46-D706-498C-9A2C-FD50522C0F1E}"
EndProject
Project("{FAE04EC0-301F-11D3-BF4B-00C04F79EFBC}") = "PlayerTileEventArgs_96fe0889b5", "LunarDoggo.TicTacToe.Test\PlayerTileEventArgs_96fe0889b5\PlayerTileEventArgs_96fe0889b5.csproj", "{B84532F5-6E1E-4AF4-AF9C-232BE2336092}"
EndProject
Global
	GlobalSection(SolutionConfigurationPlatforms) = preSolution
		Debug|Any CPU = Debug|Any CPU
		Release|Any CPU = Release|Any CPU
	EndGlobalSection
	GlobalSection(ProjectConfigurationPlatforms) = postSolution
		{897DEAB7-A5F6-4030-89D8-0DE3AA6A71A3}.Debug|Any CPU.ActiveCfg = Debug|Any CPU
		{897DEAB7-A5F6-4030-89D8-0DE3AA6A71A3}.Debug|Any CPU.Build.0 = Debug|Any CPU
		{897DEAB7-A5F6-4030-89D8-0DE3AA6A71A3}.Release|Any CPU.ActiveCfg = Release|Any CPU
		{897DEAB7-A5F6-4030-89D8-0DE3AA6A71A3}.Release|Any CPU.Build.0 = Release|Any CPU
		{A8D83E8B-A5D8-4B74-AF98-46C1B458CAD2}.Debug|Any CPU.ActiveCfg = Debug|Any CPU
		{A8D83E8B-A5D8-4B74-AF98-46C1B458CAD2}.Debug|Any CPU.Build.0 = Debug|Any CPU
		{A8D83E8B-A5D8-4B74-AF98-46C1B458CAD2}.Release|Any CPU.ActiveCfg = Release|Any CPU
		{A8D83E8B-A5D8-4B74-AF98-46C1B458CAD2}.Release|Any CPU.Build.0 = Release|Any CPU
		{883884B1-0791-4C9F-B497-543FD7D7C228}.Debug|Any CPU.ActiveCfg = Debug|Any CPU
		{883884B1-0791-4C9F-B497-543FD7D7C228}.Debug|Any CPU.Build.0 = Debug|Any CPU
		{883884B1-0791-4C9F-B497-543FD7D7C228}.Release|Any CPU.ActiveCfg = Release|Any CPU
		{883884B1-0791-4C9F-B497-543FD7D7C228}.Release|Any CPU.Build.0 = Release|Any CPU
		{B95D0A2F-14F5-482A-8640-56B84AB570D3}.Debug|Any CPU.ActiveCfg = Debug|Any CPU
		{B95D0A2F-14F5-482A-8640-56B84AB570D3}.Debug|Any CPU.Build.0 = Debug|Any CPU
		{B95D0A2F-14F5-482A-8640-56B84AB570D3}.Release|Any CPU.ActiveCfg = Release|Any CPU
		{B95D0A2F-14F5-482A-8640-56B84AB570D3}.Release|Any CPU.Build.0 = Release|Any CPU
		{6E55DCAE-9F1F-4438-843C-36A8C436FEE7}.Debug|Any CPU.ActiveCfg = Debug|Any CPU
		{6E55DCAE-9F1F-4438-843C-36A8C436FEE7}.Debug|Any CPU.Build.0 = Debug|Any CPU
		{6E55DCAE-9F1F-4438-843C-36A8C436FEE7}.Release|Any CPU.ActiveCfg = Release|Any CPU
		{6E55DCAE-9F1F-4438-843C-36A8C436FEE7}.Release|Any CPU.Build.0 = Release|Any CPU
		{62752E1C-3FF7-4FB2-932C-B0EDFF2C9DED}.Debug|Any CPU.ActiveCfg = Debug|Any CPU
		{62752E1C-3FF7-4FB2-932C-B0EDFF2C9DED}.Debug|Any CPU.Build.0 = Debug|Any CPU
		{62752E1C-3FF7-4FB2-932C-B0EDFF2C9DED}.Release|Any CPU.ActiveCfg = Release|Any CPU
		{62752E1C-3FF7-4FB2-932C-B0EDFF2C9DED}.Release|Any CPU.Build.0 = Release|Any CPU
		{A41DF62D-3617-47AC-8C7D-F4735BDDC725}.Debug|Any CPU.ActiveCfg = Debug|Any CPU
		{A41DF62D-3617-47AC-8C7D-F4735BDDC725}.Debug|Any CPU.Build.0 = Debug|Any CPU
		{A41DF62D-3617-47AC-8C7D-F4735BDDC725}.Release|Any CPU.ActiveCfg = Release|Any CPU
		{A41DF62D-3617-47AC-8C7D-F4735BDDC725}.Release|Any CPU.Build.0 = Release|Any CPU
		{E4ECCDA0-B40B-48B5-99CD-2F3D0174514F}.Debug|Any CPU.ActiveCfg = Debug|Any CPU
		{E4ECCDA0-B40B-48B5-99CD-2F3D0174514F}.Debug|Any CPU.Build.0 = Debug|Any CPU
		{E4ECCDA0-B40B-48B5-99CD-2F3D0174514F}.Release|Any CPU.ActiveCfg = Release|Any CPU
		{E4ECCDA0-B40B-48B5-99CD-2F3D0174514F}.Release|Any CPU.Build.0 = Release|Any CPU
		{946C03F8-EC0B-447D-9B57-5F6A25E029BA}.Debug|Any CPU.ActiveCfg = Debug|Any CPU
		{946C03F8-EC0B-447D-9B57-5F6A25E029BA}.Debug|Any CPU.Build.0 = Debug|Any CPU
		{946C03F8-EC0B-447D-9B57-5F6A25E029BA}.Release|Any CPU.ActiveCfg = Release|Any CPU
		{946C03F8-EC0B-447D-9B57-5F6A25E029BA}.Release|Any CPU.Build.0 = Release|Any CPU
		{F9E4BF41-6C68-4B8B-89D1-01C4C7F5B776}.Debug|Any CPU.ActiveCfg = Debug|Any CPU
		{F9E4BF41-6C68-4B8B-89D1-01C4C7F5B776}.Debug|Any CPU.Build.0 = Debug|Any CPU
		{F9E4BF41-6C68-4B8B-89D1-01C4C7F5B776}.Release|Any CPU.ActiveCfg = Release|Any CPU
		{F9E4BF41-6C68-4B8B-89D1-01C4C7F5B776}.Release|Any CPU.Build.0 = Release|Any CPU
		{2576DBC9-BA9C-4CBE-8539-C0D5FA487A6F}.Debug|Any CPU.ActiveCfg = Debug|Any CPU
		{2576DBC9-BA9C-4CBE-8539-C0D5FA487A6F}.Debug|Any CPU.Build.0 = Debug|Any CPU
		{2576DBC9-BA9C-4CBE-8539-C0D5FA487A6F}.Release|Any CPU.ActiveCfg = Release|Any CPU
		{2576DBC9-BA9C-4CBE-8539-C0D5FA487A6F}.Release|Any CPU.Build.0 = Release|Any CPU
		{084FE697-5401-4D93-A7D3-DE9B72D9E905}.Debug|Any CPU.ActiveCfg = Debug|Any CPU
		{084FE697-5401-4D93-A7D3-DE9B72D9E905}.Debug|Any CPU.Build.0 = Debug|Any CPU
		{084FE697-5401-4D93-A7D3-DE9B72D9E905}.Release|Any CPU.ActiveCfg = Release|Any CPU
		{084FE697-5401-4D93-A7D3-DE9B72D9E905}.Release|Any CPU.Build.0 = Release|Any CPU
		{975752D4-6F9B-44BA-A5EB-0B3F61C39362}.Debug|Any CPU.ActiveCfg = Debug|Any CPU
		{975752D4-6F9B-44BA-A5EB-0B3F61C39362}.Debug|Any CPU.Build.0 = Debug|Any CPU
		{975752D4-6F9B-44BA-A5EB-0B3F61C39362}.Release|Any CPU.ActiveCfg = Release|Any CPU
		{975752D4-6F9B-44BA-A5EB-0B3F61C39362}.Release|Any CPU.Build.0 = Release|Any CPU
		{E02A4195-536C-4948-8E43-EF33931EB9C1}.Debug|Any CPU.ActiveCfg = Debug|Any CPU
		{E02A4195-536C-4948-8E43-EF33931EB9C1}.Debug|Any CPU.Build.0 = Debug|Any CPU
		{E02A4195-536C-4948-8E43-EF33931EB9C1}.Release|Any CPU.ActiveCfg = Release|Any CPU
		{E02A4195-536C-4948-8E43-EF33931EB9C1}.Release|Any CPU.Build.0 = Release|Any CPU
		{E4E08E46-D706-498C-9A2C-FD50522C0F1E}.Debug|Any CPU.ActiveCfg = Debug|Any CPU
		{E4E08E46-D706-498C-9A2C-FD50522C0F1E}.Debug|Any CPU.Build.0 = Debug|Any CPU
		{E4E08E46-D706-498C-9A2C-FD50522C0F1E}.Release|Any CPU.ActiveCfg = Release|Any CPU
		{E4E08E46-D706-498C-9A2C-FD50522C0F1E}.Release|Any CPU.Build.0 = Release|Any CPU
		{B84532F5-6E1E-4AF4-AF9C-232BE2336092}.Debug|Any CPU.ActiveCfg = Debug|Any CPU
		{B84532F5-6E1E-4AF4-AF9C-232BE2336092}.Debug|Any CPU.Build.0 = Debug|Any CPU
		{B84532F5-6E1E-4AF4-AF9C-232BE2336092}.Release|Any CPU.ActiveCfg = Release|Any CPU
		{B84532F5-6E1E-4AF4-AF9C-232BE2336092}.Release|Any CPU.Build.0 = Release|Any CPU
	EndGlobalSection
	GlobalSection(SolutionProperties) = preSolution
		HideSolutionNode = FALSE
	EndGlobalSection
	GlobalSection(ExtensibilityGlobals) = postSolution
		SolutionGuid = {D15F71B6-C1E2-4512-A5CA-C5E2D0196A43}
	EndGlobalSection
	GlobalSection(NestedProjects) = preSolution
		{62752E1C-3FF7-4FB2-932C-B0EDFF2C9DED} = {38FC551C-111E-48AD-B248-8A380AB31798}
		{A41DF62D-3617-47AC-8C7D-F4735BDDC725} = {38FC551C-111E-48AD-B248-8A380AB31798}
		{E4ECCDA0-B40B-48B5-99CD-2F3D0174514F} = {38FC551C-111E-48AD-B248-8A380AB31798}
		{946C03F8-EC0B-447D-9B57-5F6A25E029BA} = {38FC551C-111E-48AD-B248-8A380AB31798}
		{F9E4BF41-6C68-4B8B-89D1-01C4C7F5B776} = {38FC551C-111E-48AD-B248-8A380AB31798}
		{2576DBC9-BA9C-4CBE-8539-C0D5FA487A6F} = {38FC551C-111E-48AD-B248-8A380AB31798}
		{084FE697-5401-4D93-A7D3-DE9B72D9E905} = {38FC551C-111E-48AD-B248-8A380AB31798}
		{975752D4-6F9B-44BA-A5EB-0B3F61C39362} = {38FC551C-111E-48AD-B248-8A380AB31798}
		{E02A4195-536C-4948-8E43-EF33931EB9C1} = {38FC551C-111E-48AD-B248-8A380AB31798}
		{E4E08E46-D706-498C-9A2C-FD50522C0F1E} = {38FC551C-111E-48AD-B248-8A380AB31798}
		{B84532F5-6E1E-4AF4-AF9C-232BE2336092} = {38FC551C-111E-48AD-B248-8A380AB31798}
	EndGlobalSection
EndGlobal
